
Microsoft Visual Studio Solution File, Format Version 12.00
# Visual Studio 15
VisualStudioVersion = 15.0.28307.902
MinimumVisualStudioVersion = 10.0.40219.1
Project("{FAE04EC0-301F-11D3-BF4B-00C04F79EFBC}") = "RastgeleSifreUretici", "RastgeleSifreUretici\RastgeleSifreUretici.csproj", "{4D98D211-098D-4D47-ADAB-5C6F53409284}"
EndProject
Global
	GlobalSection(SolutionConfigurationPlatforms) = preSolution
		Debug|Any CPU = Debug|Any CPU
		Release|Any CPU = Release|Any CPU
	EndGlobalSection
	GlobalSection(ProjectConfigurationPlatforms) = postSolution
		{4D98D211-098D-4D47-ADAB-5C6F53409284}.Debug|Any CPU.ActiveCfg = Debug|Any CPU
		{4D98D211-098D-4D47-ADAB-5C6F53409284}.Debug|Any CPU.Build.0 = Debug|Any CPU
		{4D98D211-098D-4D47-ADAB-5C6F53409284}.Release|Any CPU.ActiveCfg = Release|Any CPU
		{4D98D211-098D-4D47-ADAB-5C6F53409284}.Release|Any CPU.Build.0 = Release|Any CPU
	EndGlobalSection
	GlobalSection(SolutionProperties) = preSolution
		HideSolutionNode = FALSE
	EndGlobalSection
	GlobalSection(ExtensibilityGlobals) = postSolution
		SolutionGuid = {E12ABE67-7217-4EB8-975A-DF63F641E00A}
	EndGlobalSection
EndGlobal
